
Microsoft Visual Studio Solution File, Format Version 12.00
# Visual Studio Version 17
VisualStudioVersion = 17.9.34526.213
MinimumVisualStudioVersion = 10.0.40219.1
Project("{9A19103F-16F7-4668-BE54-9A1E7A4F7556}") = "WholeSaler.Entity", "WholeSaler.Entity\WholeSaler.Entity.csproj", "{9C8FFBF3-F28F-4F85-9304-215D77D5C4AA}"
EndProject
Project("{9A19103F-16F7-4668-BE54-9A1E7A4F7556}") = "WholeSaler.Business", "WholeSaler.Business\WholeSaler.Business.csproj", "{9859C1A1-C0F1-4200-B6A0-5EBA2471F43D}"
EndProject
Project("{9A19103F-16F7-4668-BE54-9A1E7A4F7556}") = "WholeSaler.Api", "WholeSaler.Api\WholeSaler.Api.csproj", "{2825448E-91DE-42F0-99D1-D6D2464CF65C}"
EndProject
Project("{9A19103F-16F7-4668-BE54-9A1E7A4F7556}") = "WholeSaler.IOC", "WholeSaler.IOC\WholeSaler.IOC.csproj", "{260FE83E-E940-4CE0-B5F7-017FCA79F5C7}"
EndProject
Project("{FAE04EC0-301F-11D3-BF4B-00C04F79EFBC}") = "WholeSaler.Web", "WholeSaler.Web\WholeSaler.Web.csproj", "{80550B76-2D2A-47DE-8C55-C9185EBF64D7}"
EndProject
Global
	GlobalSection(SolutionConfigurationPlatforms) = preSolution
		Debug|Any CPU = Debug|Any CPU
		Release|Any CPU = Release|Any CPU
	EndGlobalSection
	GlobalSection(ProjectConfigurationPlatforms) = postSolution
		{9C8FFBF3-F28F-4F85-9304-215D77D5C4AA}.Debug|Any CPU.ActiveCfg = Debug|Any CPU
		{9C8FFBF3-F28F-4F85-9304-215D77D5C4AA}.Debug|Any CPU.Build.0 = Debug|Any CPU
		{9C8FFBF3-F28F-4F85-9304-215D77D5C4AA}.Release|Any CPU.ActiveCfg = Release|Any CPU
		{9C8FFBF3-F28F-4F85-9304-215D77D5C4AA}.Release|Any CPU.Build.0 = Release|Any CPU
		{9859C1A1-C0F1-4200-B6A0-5EBA2471F43D}.Debug|Any CPU.ActiveCfg = Debug|Any CPU
		{9859C1A1-C0F1-4200-B6A0-5EBA2471F43D}.Debug|Any CPU.Build.0 = Debug|Any CPU
		{9859C1A1-C0F1-4200-B6A0-5EBA2471F43D}.Release|Any CPU.ActiveCfg = Release|Any CPU
		{9859C1A1-C0F1-4200-B6A0-5EBA2471F43D}.Release|Any CPU.Build.0 = Release|Any CPU
		{2825448E-91DE-42F0-99D1-D6D2464CF65C}.Debug|Any CPU.ActiveCfg = Debug|Any CPU
		{2825448E-91DE-42F0-99D1-D6D2464CF65C}.Debug|Any CPU.Build.0 = Debug|Any CPU
		{2825448E-91DE-42F0-99D1-D6D2464CF65C}.Release|Any CPU.ActiveCfg = Release|Any CPU
		{2825448E-91DE-42F0-99D1-D6D2464CF65C}.Release|Any CPU.Build.0 = Release|Any CPU
		{260FE83E-E940-4CE0-B5F7-017FCA79F5C7}.Debug|Any CPU.ActiveCfg = Debug|Any CPU
		{260FE83E-E940-4CE0-B5F7-017FCA79F5C7}.Debug|Any CPU.Build.0 = Debug|Any CPU
		{260FE83E-E940-4CE0-B5F7-017FCA79F5C7}.Release|Any CPU.ActiveCfg = Release|Any CPU
		{260FE83E-E940-4CE0-B5F7-017FCA79F5C7}.Release|Any CPU.Build.0 = Release|Any CPU
		{80550B76-2D2A-47DE-8C55-C9185EBF64D7}.Debug|Any CPU.ActiveCfg = Debug|Any CPU
		{80550B76-2D2A-47DE-8C55-C9185EBF64D7}.Debug|Any CPU.Build.0 = Debug|Any CPU
		{80550B76-2D2A-47DE-8C55-C9185EBF64D7}.Release|Any CPU.ActiveCfg = Release|Any CPU
		{80550B76-2D2A-47DE-8C55-C9185EBF64D7}.Release|Any CPU.Build.0 = Release|Any CPU
	EndGlobalSection
	GlobalSection(SolutionProperties) = preSolution
		HideSolutionNode = FALSE
	EndGlobalSection
	GlobalSection(ExtensibilityGlobals) = postSolution
		SolutionGuid = {7E3AB04F-7EF8-4A8D-9C7F-6DF30809F197}
	EndGlobalSection
EndGlobal
